// !$*UTF8*$!
{
	archiveVersion = 1;
	classes = {
	};
	objectVersion = 46;
	objects = {

/* Begin PBXBuildFile section */
		5461B3AF141AAC9A00AA8F71 /* UIKit.framework in Frameworks */ = {isa = PBXBuildFile; fileRef = 5461B3AE141AAC9A00AA8F71 /* UIKit.framework */; };
		5461B3B1141AAC9A00AA8F71 /* Foundation.framework in Frameworks */ = {isa = PBXBuildFile; fileRef = 5461B3B0141AAC9A00AA8F71 /* Foundation.framework */; };
		5461B3B3141AAC9A00AA8F71 /* CoreGraphics.framework in Frameworks */ = {isa = PBXBuildFile; fileRef = 5461B3B2141AAC9A00AA8F71 /* CoreGraphics.framework */; };
		5461B3B9141AAC9A00AA8F71 /* InfoPlist.strings in Resources */ = {isa = PBXBuildFile; fileRef = 5461B3B7141AAC9A00AA8F71 /* InfoPlist.strings */; };
		5461B3BB141AAC9A00AA8F71 /* main.m in Sources */ = {isa = PBXBuildFile; fileRef = 5461B3BA141AAC9A00AA8F71 /* main.m */; };
		5461B3BF141AAC9A00AA8F71 /* choppedScrewedAppDelegate.mm in Sources */ = {isa = PBXBuildFile; fileRef = 5461B3BE141AAC9A00AA8F71 /* choppedScrewedAppDelegate.mm */; };
		5461B3C2141AAC9A00AA8F71 /* MainWindow.xib in Resources */ = {isa = PBXBuildFile; fileRef = 5461B3C0141AAC9A00AA8F71 /* MainWindow.xib */; };
		5461B3C5141AAC9A00AA8F71 /* choppedScrewedViewController.mm in Sources */ = {isa = PBXBuildFile; fileRef = 5461B3C4141AAC9A00AA8F71 /* choppedScrewedViewController.mm */; };
		5461B3C8141AAC9A00AA8F71 /* choppedScrewedViewController.xib in Resources */ = {isa = PBXBuildFile; fileRef = 5461B3C6141AAC9A00AA8F71 /* choppedScrewedViewController.xib */; };
		5461B3D0141AACEC00AA8F71 /* mo_audio.mm in Sources */ = {isa = PBXBuildFile; fileRef = 5461B3CF141AACEC00AA8F71 /* mo_audio.mm */; };
		5461B3D5141AAD1100AA8F71 /* AudioToolbox.framework in Frameworks */ = {isa = PBXBuildFile; fileRef = 5461B3D4141AAD1100AA8F71 /* AudioToolbox.framework */; };
		547573981427EEE200EE53B2 /* InMemoryAudioFile.mm in Sources */ = {isa = PBXBuildFile; fileRef = 547573971427EEE200EE53B2 /* InMemoryAudioFile.mm */; };
		5475739C1427EF6500EE53B2 /* funkBeats.wav in Resources */ = {isa = PBXBuildFile; fileRef = 5475739A1427EF6500EE53B2 /* funkBeats.wav */; };
		54BFC45D1427F4AD00EF0B77 /* amen-float.wav in Resources */ = {isa = PBXBuildFile; fileRef = 54BFC45C1427F4AD00EF0B77 /* amen-float.wav */; };
/* End PBXBuildFile section */

/* Begin PBXFileReference section */
		5461B3AA141AAC9A00AA8F71 /* choppedScrewed.app */ = {isa = PBXFileReference; explicitFileType = wrapper.application; includeInIndex = 0; path = choppedScrewed.app; sourceTree = BUILT_PRODUCTS_DIR; };
		5461B3AE141AAC9A00AA8F71 /* UIKit.framework */ = {isa = PBXFileReference; lastKnownFileType = wrapper.framework; name = UIKit.framework; path = System/Library/Frameworks/UIKit.framework; sourceTree = SDKROOT; };
		5461B3B0141AAC9A00AA8F71 /* Foundation.framework */ = {isa = PBXFileReference; lastKnownFileType = wrapper.framework; name = Foundation.framework; path = System/Library/Frameworks/Foundation.framework; sourceTree = SDKROOT; };
		5461B3B2141AAC9A00AA8F71 /* CoreGraphics.framework */ = {isa = PBXFileReference; lastKnownFileType = wrapper.framework; name = CoreGraphics.framework; path = System/Library/Frameworks/CoreGraphics.framework; sourceTree = SDKROOT; };
		5461B3B6141AAC9A00AA8F71 /* choppedScrewed-Info.plist */ = {isa = PBXFileReference; lastKnownFileType = text.plist.xml; path = "choppedScrewed-Info.plist"; sourceTree = "<group>"; };
		5461B3B8141AAC9A00AA8F71 /* en */ = {isa = PBXFileReference; lastKnownFileType = text.plist.strings; name = en; path = en.lproj/InfoPlist.strings; sourceTree = "<group>"; };
		5461B3BA141AAC9A00AA8F71 /* main.m */ = {isa = PBXFileReference; lastKnownFileType = sourcecode.c.objc; path = main.m; sourceTree = "<group>"; };
		5461B3BC141AAC9A00AA8F71 /* choppedScrewed-Prefix.pch */ = {isa = PBXFileReference; lastKnownFileType = sourcecode.c.h; path = "choppedScrewed-Prefix.pch"; sourceTree = "<group>"; };
		5461B3BD141AAC9A00AA8F71 /* choppedScrewedAppDelegate.h */ = {isa = PBXFileReference; lastKnownFileType = sourcecode.c.h; path = choppedScrewedAppDelegate.h; sourceTree = "<group>"; };
		5461B3BE141AAC9A00AA8F71 /* choppedScrewedAppDelegate.mm */ = {isa = PBXFileReference; lastKnownFileType = sourcecode.cpp.objcpp; path = choppedScrewedAppDelegate.mm; sourceTree = "<group>"; };
		5461B3C1141AAC9A00AA8F71 /* en */ = {isa = PBXFileReference; lastKnownFileType = file.xib; name = en; path = en.lproj/MainWindow.xib; sourceTree = "<group>"; };
		5461B3C3141AAC9A00AA8F71 /* choppedScrewedViewController.h */ = {isa = PBXFileReference; lastKnownFileType = sourcecode.c.h; path = choppedScrewedViewController.h; sourceTree = "<group>"; };
		5461B3C4141AAC9A00AA8F71 /* choppedScrewedViewController.mm */ = {isa = PBXFileReference; lastKnownFileType = sourcecode.cpp.objcpp; path = choppedScrewedViewController.mm; sourceTree = "<group>"; };
		5461B3C7141AAC9A00AA8F71 /* en */ = {isa = PBXFileReference; lastKnownFileType = file.xib; name = en; path = en.lproj/choppedScrewedViewController.xib; sourceTree = "<group>"; };
		5461B3CE141AACEC00AA8F71 /* mo_audio.h */ = {isa = PBXFileReference; fileEncoding = 4; lastKnownFileType = sourcecode.c.h; name = mo_audio.h; path = choppedScrewed/mo_audio.h; sourceTree = "<group>"; };
		5461B3CF141AACEC00AA8F71 /* mo_audio.mm */ = {isa = PBXFileReference; fileEncoding = 4; lastKnownFileType = sourcecode.cpp.objcpp; name = mo_audio.mm; path = choppedScrewed/mo_audio.mm; sourceTree = "<group>"; };
		5461B3D1141AACF100AA8F71 /* mo_def.h */ = {isa = PBXFileReference; fileEncoding = 4; lastKnownFileType = sourcecode.c.h; name = mo_def.h; path = choppedScrewed/mo_def.h; sourceTree = "<group>"; };
		5461B3D4141AAD1100AA8F71 /* AudioToolbox.framework */ = {isa = PBXFileReference; lastKnownFileType = wrapper.framework; name = AudioToolbox.framework; path = System/Library/Frameworks/AudioToolbox.framework; sourceTree = SDKROOT; };
		547573961427EEE200EE53B2 /* InMemoryAudioFile.h */ = {isa = PBXFileReference; fileEncoding = 4; lastKnownFileType = sourcecode.c.h; name = InMemoryAudioFile.h; path = choppedScrewed/InMemoryAudioFile.h; sourceTree = "<group>"; };
		547573971427EEE200EE53B2 /* InMemoryAudioFile.mm */ = {isa = PBXFileReference; fileEncoding = 4; lastKnownFileType = sourcecode.cpp.objcpp; name = InMemoryAudioFile.mm; path = choppedScrewed/InMemoryAudioFile.mm; sourceTree = "<group>"; };
		5475739A1427EF6500EE53B2 /* funkBeats.wav */ = {isa = PBXFileReference; lastKnownFileType = audio.wav; name = funkBeats.wav; path = choppedScrewed/funkBeats.wav; sourceTree = "<group>"; };
		54BFC45C1427F4AD00EF0B77 /* amen-float.wav */ = {isa = PBXFileReference; lastKnownFileType = audio.wav; name = "amen-float.wav"; path = "choppedScrewed/amen-float.wav"; sourceTree = "<group>"; };
/* End PBXFileReference section */

/* Begin PBXFrameworksBuildPhase section */
		5461B3A7141AAC9A00AA8F71 /* Frameworks */ = {
			isa = PBXFrameworksBuildPhase;
			buildActionMask = 2147483647;
			files = (
				5461B3D5141AAD1100AA8F71 /* AudioToolbox.framework in Frameworks */,
				5461B3AF141AAC9A00AA8F71 /* UIKit.framework in Frameworks */,
				5461B3B1141AAC9A00AA8F71 /* Foundation.framework in Frameworks */,
				5461B3B3141AAC9A00AA8F71 /* CoreGraphics.framework in Frameworks */,
			);
			runOnlyForDeploymentPostprocessing = 0;
		};
/* End PBXFrameworksBuildPhase section */

/* Begin PBXGroup section */
		5461B39F141AAC9A00AA8F71 = {
			isa = PBXGroup;
			children = (
				54CED8401427B539008682A6 /* Classes */,
				5461B3D8141AAF6100AA8F71 /* Files */,
				5461B3B4141AAC9A00AA8F71 /* choppedScrewed */,
				5461B3AD141AAC9A00AA8F71 /* Frameworks */,
				5461B3AB141AAC9A00AA8F71 /* Products */,
			);
			sourceTree = "<group>";
		};
		5461B3AB141AAC9A00AA8F71 /* Products */ = {
			isa = PBXGroup;
			children = (
				5461B3AA141AAC9A00AA8F71 /* choppedScrewed.app */,
			);
			name = Products;
			sourceTree = "<group>";
		};
		5461B3AD141AAC9A00AA8F71 /* Frameworks */ = {
			isa = PBXGroup;
			children = (
				5461B3D4141AAD1100AA8F71 /* AudioToolbox.framework */,
				5461B3AE141AAC9A00AA8F71 /* UIKit.framework */,
				5461B3B0141AAC9A00AA8F71 /* Foundation.framework */,
				5461B3B2141AAC9A00AA8F71 /* CoreGraphics.framework */,
			);
			name = Frameworks;
			sourceTree = "<group>";
		};
		5461B3B4141AAC9A00AA8F71 /* choppedScrewed */ = {
			isa = PBXGroup;
			children = (
				5461B3BD141AAC9A00AA8F71 /* choppedScrewedAppDelegate.h */,
				5461B3BE141AAC9A00AA8F71 /* choppedScrewedAppDelegate.mm */,
				5461B3C0141AAC9A00AA8F71 /* MainWindow.xib */,
				5461B3C3141AAC9A00AA8F71 /* choppedScrewedViewController.h */,
				5461B3C4141AAC9A00AA8F71 /* choppedScrewedViewController.mm */,
				5461B3C6141AAC9A00AA8F71 /* choppedScrewedViewController.xib */,
				5461B3B5141AAC9A00AA8F71 /* Supporting Files */,
			);
			path = choppedScrewed;
			sourceTree = "<group>";
		};
		5461B3B5141AAC9A00AA8F71 /* Supporting Files */ = {
			isa = PBXGroup;
			children = (
				5461B3B6141AAC9A00AA8F71 /* choppedScrewed-Info.plist */,
				5461B3B7141AAC9A00AA8F71 /* InfoPlist.strings */,
				5461B3BA141AAC9A00AA8F71 /* main.m */,
				5461B3BC141AAC9A00AA8F71 /* choppedScrewed-Prefix.pch */,
			);
			name = "Supporting Files";
			sourceTree = "<group>";
		};
		5461B3D8141AAF6100AA8F71 /* Files */ = {
			isa = PBXGroup;
			children = (
				54BFC45C1427F4AD00EF0B77 /* amen-float.wav */,
				5475739A1427EF6500EE53B2 /* funkBeats.wav */,
			);
			name = Files;
			sourceTree = "<group>";
		};
		5461B3DC141AAFA500AA8F71 /* MoMu */ = {
			isa = PBXGroup;
			children = (
				5461B3CE141AACEC00AA8F71 /* mo_audio.h */,
				5461B3CF141AACEC00AA8F71 /* mo_audio.mm */,
				5461B3D1141AACF100AA8F71 /* mo_def.h */,
			);
			name = MoMu;
			sourceTree = "<group>";
		};
		54CED8401427B539008682A6 /* Classes */ = {
			isa = PBXGroup;
			children = (
				5461B3DC141AAFA500AA8F71 /* MoMu */,
				547573961427EEE200EE53B2 /* InMemoryAudioFile.h */,
				547573971427EEE200EE53B2 /* InMemoryAudioFile.mm */,
			);
			name = Classes;
			sourceTree = "<group>";
		};
/* End PBXGroup section */

/* Begin PBXNativeTarget section */
		5461B3A9141AAC9A00AA8F71 /* choppedScrewed */ = {
			isa = PBXNativeTarget;
			buildConfigurationList = 5461B3CB141AAC9A00AA8F71 /* Build configuration list for PBXNativeTarget "choppedScrewed" */;
			buildPhases = (
				5461B3A6141AAC9A00AA8F71 /* Sources */,
				5461B3A7141AAC9A00AA8F71 /* Frameworks */,
				5461B3A8141AAC9A00AA8F71 /* Resources */,
			);
			buildRules = (
			);
			dependencies = (
			);
			name = choppedScrewed;
			productName = choppedScrewed;
			productReference = 5461B3AA141AAC9A00AA8F71 /* choppedScrewed.app */;
			productType = "com.apple.product-type.application";
		};
/* End PBXNativeTarget section */

/* Begin PBXProject section */
		5461B3A1141AAC9A00AA8F71 /* Project object */ = {
			isa = PBXProject;
			buildConfigurationList = 5461B3A4141AAC9A00AA8F71 /* Build configuration list for PBXProject "choppedScrewed" */;
			compatibilityVersion = "Xcode 3.2";
			developmentRegion = English;
			hasScannedForEncodings = 0;
			knownRegions = (
				en,
			);
			mainGroup = 5461B39F141AAC9A00AA8F71;
			productRefGroup = 5461B3AB141AAC9A00AA8F71 /* Products */;
			projectDirPath = "";
			projectRoot = "";
			targets = (
				5461B3A9141AAC9A00AA8F71 /* choppedScrewed */,
			);
		};
/* End PBXProject section */

/* Begin PBXResourcesBuildPhase section */
		5461B3A8141AAC9A00AA8F71 /* Resources */ = {
			isa = PBXResourcesBuildPhase;
			buildActionMask = 2147483647;
			files = (
				5461B3B9141AAC9A00AA8F71 /* InfoPlist.strings in Resources */,
				5461B3C2141AAC9A00AA8F71 /* MainWindow.xib in Resources */,
				5461B3C8141AAC9A00AA8F71 /* choppedScrewedViewController.xib in Resources */,
				5475739C1427EF6500EE53B2 /* funkBeats.wav in Resources */,
				54BFC45D1427F4AD00EF0B77 /* amen-float.wav in Resources */,
			);
			runOnlyForDeploymentPostprocessing = 0;
		};
/* End PBXResourcesBuildPhase section */

/* Begin PBXSourcesBuildPhase section */
		5461B3A6141AAC9A00AA8F71 /* Sources */ = {
			isa = PBXSourcesBuildPhase;
			buildActionMask = 2147483647;
			files = (
				5461B3BB141AAC9A00AA8F71 /* main.m in Sources */,
				5461B3BF141AAC9A00AA8F71 /* choppedScrewedAppDelegate.mm in Sources */,
				5461B3C5141AAC9A00AA8F71 /* choppedScrewedViewController.mm in Sources */,
				5461B3D0141AACEC00AA8F71 /* mo_audio.mm in Sources */,
				547573981427EEE200EE53B2 /* InMemoryAudioFile.mm in Sources */,
			);
			runOnlyForDeploymentPostprocessing = 0;
		};
/* End PBXSourcesBuildPhase section */

/* Begin PBXVariantGroup section */
		5461B3B7141AAC9A00AA8F71 /* InfoPlist.strings */ = {
			isa = PBXVariantGroup;
			children = (
				5461B3B8141AAC9A00AA8F71 /* en */,
			);
			name = InfoPlist.strings;
			sourceTree = "<group>";
		};
		5461B3C0141AAC9A00AA8F71 /* MainWindow.xib */ = {
			isa = PBXVariantGroup;
			children = (
				5461B3C1141AAC9A00AA8F71 /* en */,
			);
			name = MainWindow.xib;
			sourceTree = "<group>";
		};
		5461B3C6141AAC9A00AA8F71 /* choppedScrewedViewController.xib */ = {
			isa = PBXVariantGroup;
			children = (
				5461B3C7141AAC9A00AA8F71 /* en */,
			);
			name = choppedScrewedViewController.xib;
			sourceTree = "<group>";
		};
/* End PBXVariantGroup section */

/* Begin XCBuildConfiguration section */
		5461B3C9141AAC9A00AA8F71 /* Debug */ = {
			isa = XCBuildConfiguration;
			buildSettings = {
				ALWAYS_SEARCH_USER_PATHS = NO;
				ARCHS = "$(ARCHS_STANDARD_32_BIT)";
				"CODE_SIGN_IDENTITY[sdk=iphoneos*]" = "iPhone Developer";
				COPY_PHASE_STRIP = NO;
				GCC_C_LANGUAGE_STANDARD = gnu99;
				GCC_DYNAMIC_NO_PIC = NO;
				GCC_OPTIMIZATION_LEVEL = 0;
				GCC_PREPROCESSOR_DEFINITIONS = (
					"DEBUG=1",
					"$(inherited)",
				);
				GCC_SYMBOLS_PRIVATE_EXTERN = NO;
				GCC_VERSION = com.apple.compilers.llvmgcc42;
				GCC_WARN_ABOUT_MISSING_PROTOTYPES = YES;
				GCC_WARN_ABOUT_RETURN_TYPE = YES;
				GCC_WARN_UNUSED_VARIABLE = YES;
				IPHONEOS_DEPLOYMENT_TARGET = 4.3;
				SDKROOT = iphoneos;
			};
			name = Debug;
		};
		5461B3CA141AAC9A00AA8F71 /* Release */ = {
			isa = XCBuildConfiguration;
			buildSettings = {
				ALWAYS_SEARCH_USER_PATHS = NO;
				ARCHS = "$(ARCHS_STANDARD_32_BIT)";
				"CODE_SIGN_IDENTITY[sdk=iphoneos*]" = "iPhone Developer";
				COPY_PHASE_STRIP = YES;
				GCC_C_LANGUAGE_STANDARD = gnu99;
				GCC_VERSION = com.apple.compilers.llvmgcc42;
				GCC_WARN_ABOUT_MISSING_PROTOTYPES = YES;
				GCC_WARN_ABOUT_RETURN_TYPE = YES;
				GCC_WARN_UNUSED_VARIABLE = YES;
				IPHONEOS_DEPLOYMENT_TARGET = 4.3;
				OTHER_CFLAGS = "-DNS_BLOCK_ASSERTIONS=1";
				SDKROOT = iphoneos;
				VALIDATE_PRODUCT = YES;
			};
			name = Release;
		};
		5461B3CC141AAC9A00AA8F71 /* Debug */ = {
			isa = XCBuildConfiguration;
			buildSettings = {
				GCC_PRECOMPILE_PREFIX_HEADER = YES;
				GCC_PREFIX_HEADER = "choppedScrewed/choppedScrewed-Prefix.pch";
				INFOPLIST_FILE = "choppedScrewed/choppedScrewed-Info.plist";
				PRODUCT_NAME = "$(TARGET_NAME)";
				WRAPPER_EXTENSION = app;
			};
			name = Debug;
		};
		5461B3CD141AAC9A00AA8F71 /* Release */ = {
			isa = XCBuildConfiguration;
			buildSettings = {
				GCC_PRECOMPILE_PREFIX_HEADER = YES;
				GCC_PREFIX_HEADER = "choppedScrewed/choppedScrewed-Prefix.pch";
				INFOPLIST_FILE = "choppedScrewed/choppedScrewed-Info.plist";
				PRODUCT_NAME = "$(TARGET_NAME)";
				WRAPPER_EXTENSION = app;
			};
			name = Release;
		};
/* End XCBuildConfiguration section */

/* Begin XCConfigurationList section */
		5461B3A4141AAC9A00AA8F71 /* Build configuration list for PBXProject "choppedScrewed" */ = {
			isa = XCConfigurationList;
			buildConfigurations = (
				5461B3C9141AAC9A00AA8F71 /* Debug */,
				5461B3CA141AAC9A00AA8F71 /* Release */,
			);
			defaultConfigurationIsVisible = 0;
			defaultConfigurationName = Release;
		};
		5461B3CB141AAC9A00AA8F71 /* Build configuration list for PBXNativeTarget "choppedScrewed" */ = {
			isa = XCConfigurationList;
			buildConfigurations = (
				5461B3CC141AAC9A00AA8F71 /* Debug */,
				5461B3CD141AAC9A00AA8F71 /* Release */,
			);
			defaultConfigurationIsVisible = 0;
			defaultConfigurationName = Release;
		};
/* End XCConfigurationList section */
	};
	rootObject = 5461B3A1141AAC9A00AA8F71 /* Project object */;
}
